<?xml version="1.0" encoding="UTF-8"?>
<!DOCTYPE plist PUBLIC "-//Apple//DTD PLIST 1.0//EN" "http://www.apple.com/DTDs/PropertyList-1.0.dtd">
<plist version="1.0">
<dict>
	<key>archiveVersion</key>
	<string>1</string>
	<key>classes</key>
	<dict/>
	<key>objectVersion</key>
	<string>46</string>
	<key>objects</key>
	<dict>
		<key>0771ED7A667748BAB2986CCB</key>
		<dict>
			<key>includeInIndex</key>
			<string>1</string>
			<key>isa</key>
			<string>PBXFileReference</string>
			<key>lastKnownFileType</key>
			<string>text.xcconfig</string>
			<key>name</key>
			<string>Pods-ZORNKitTests.xcconfig</string>
			<key>path</key>
			<string>Pods/Pods-ZORNKitTests.xcconfig</string>
			<key>sourceTree</key>
			<string>&lt;group&gt;</string>
		</dict>
		<key>1A1EFD3B18BEEAF3007A1634</key>
		<dict>
			<key>children</key>
			<array>
				<string>1A1EFD4D18BEEAF3007A1634</string>
				<string>1A1EFD6618BEEAF3007A1634</string>
				<string>1A1EFD4618BEEAF3007A1634</string>
				<string>1A1EFD4518BEEAF3007A1634</string>
				<string>B38D02A682B44D47B6C58583</string>
				<string>0771ED7A667748BAB2986CCB</string>
			</array>
			<key>isa</key>
			<string>PBXGroup</string>
			<key>sourceTree</key>
			<string>&lt;group&gt;</string>
		</dict>
		<key>1A1EFD3C18BEEAF3007A1634</key>
		<dict>
			<key>attributes</key>
			<dict>
				<key>LastUpgradeCheck</key>
				<string>0500</string>
				<key>ORGANIZATIONNAME</key>
				<string>Michael Zornek</string>
				<key>TargetAttributes</key>
				<dict>
					<key>1A1EFD5E18BEEAF3007A1634</key>
					<dict>
						<key>TestTargetID</key>
						<string>1A1EFD4318BEEAF3007A1634</string>
					</dict>
				</dict>
			</dict>
			<key>buildConfigurationList</key>
			<string>1A1EFD3F18BEEAF3007A1634</string>
			<key>compatibilityVersion</key>
			<string>Xcode 3.2</string>
			<key>developmentRegion</key>
			<string>English</string>
			<key>hasScannedForEncodings</key>
			<string>0</string>
			<key>isa</key>
			<string>PBXProject</string>
			<key>knownRegions</key>
			<array>
				<string>en</string>
			</array>
			<key>mainGroup</key>
			<string>1A1EFD3B18BEEAF3007A1634</string>
			<key>productRefGroup</key>
			<string>1A1EFD4518BEEAF3007A1634</string>
			<key>projectDirPath</key>
			<string></string>
			<key>projectReferences</key>
			<array/>
			<key>projectRoot</key>
			<string></string>
			<key>targets</key>
			<array>
				<string>1A1EFD4318BEEAF3007A1634</string>
				<string>1A1EFD5E18BEEAF3007A1634</string>
			</array>
		</dict>
		<key>1A1EFD3F18BEEAF3007A1634</key>
		<dict>
			<key>buildConfigurations</key>
			<array>
				<string>1A1EFD6E18BEEAF3007A1634</string>
				<string>1A1EFD6F18BEEAF3007A1634</string>
			</array>
			<key>defaultConfigurationIsVisible</key>
			<string>0</string>
			<key>defaultConfigurationName</key>
			<string>Release</string>
			<key>isa</key>
			<string>XCConfigurationList</string>
		</dict>
		<key>1A1EFD4018BEEAF3007A1634</key>
		<dict>
			<key>buildActionMask</key>
			<string>2147483647</string>
			<key>files</key>
			<array>
				<string>1A1EFD5818BEEAF3007A1634</string>
				<string>1A1EFD5418BEEAF3007A1634</string>
			</array>
			<key>isa</key>
			<string>PBXSourcesBuildPhase</string>
			<key>runOnlyForDeploymentPostprocessing</key>
			<string>0</string>
		</dict>
		<key>1A1EFD4118BEEAF3007A1634</key>
		<dict>
			<key>buildActionMask</key>
			<string>2147483647</string>
			<key>files</key>
			<array>
				<string>1A1EFD4A18BEEAF3007A1634</string>
				<string>1A1EFD4C18BEEAF3007A1634</string>
				<string>1A1EFD4818BEEAF3007A1634</string>
				<string>8260ACD7EB314F3A8DF24143</string>
			</array>
			<key>isa</key>
			<string>PBXFrameworksBuildPhase</string>
			<key>runOnlyForDeploymentPostprocessing</key>
			<string>0</string>
		</dict>
		<key>1A1EFD4218BEEAF3007A1634</key>
		<dict>
			<key>buildActionMask</key>
			<string>2147483647</string>
			<key>files</key>
			<array>
				<string>1A1EFD5218BEEAF3007A1634</string>
				<string>1A1EFD5A18BEEAF3007A1634</string>
			</array>
			<key>isa</key>
			<string>PBXResourcesBuildPhase</string>
			<key>runOnlyForDeploymentPostprocessing</key>
			<string>0</string>
		</dict>
		<key>1A1EFD4318BEEAF3007A1634</key>
		<dict>
			<key>buildConfigurationList</key>
			<string>1A1EFD7018BEEAF3007A1634</string>
			<key>buildPhases</key>
			<array>
				<string>26DB2E735FFF4DA3A8CC693B</string>
				<string>1A1EFD4018BEEAF3007A1634</string>
				<string>1A1EFD4118BEEAF3007A1634</string>
				<string>1A1EFD4218BEEAF3007A1634</string>
				<string>95D7A13C13CB41B8ADD77731</string>
			</array>
			<key>buildRules</key>
			<array/>
			<key>dependencies</key>
			<array/>
			<key>isa</key>
			<string>PBXNativeTarget</string>
			<key>name</key>
			<string>ZORNKit</string>
			<key>productName</key>
			<string>ZORNKit</string>
			<key>productReference</key>
			<string>1A1EFD4418BEEAF3007A1634</string>
			<key>productType</key>
			<string>com.apple.product-type.application</string>
		</dict>
		<key>1A1EFD4418BEEAF3007A1634</key>
		<dict>
			<key>explicitFileType</key>
			<string>wrapper.application</string>
			<key>includeInIndex</key>
			<string>0</string>
			<key>isa</key>
			<string>PBXFileReference</string>
			<key>path</key>
			<string>ZORNKit.app</string>
			<key>sourceTree</key>
			<string>BUILT_PRODUCTS_DIR</string>
		</dict>
		<key>1A1EFD4518BEEAF3007A1634</key>
		<dict>
			<key>children</key>
			<array>
				<string>1A1EFD4418BEEAF3007A1634</string>
				<string>1A1EFD5F18BEEAF3007A1634</string>
			</array>
			<key>isa</key>
			<string>PBXGroup</string>
			<key>name</key>
			<string>Products</string>
			<key>sourceTree</key>
			<string>&lt;group&gt;</string>
		</dict>
		<key>1A1EFD4618BEEAF3007A1634</key>
		<dict>
			<key>children</key>
			<array>
				<string>1A1EFD4718BEEAF3007A1634</string>
				<string>1A1EFD4918BEEAF3007A1634</string>
				<string>1A1EFD4B18BEEAF3007A1634</string>
				<string>1A1EFD6018BEEAF3007A1634</string>
				<string>E1C554C603C84C4A8C328DEB</string>
				<string>E1D78FE0FFE64E27B7597F86</string>
			</array>
			<key>isa</key>
			<string>PBXGroup</string>
			<key>name</key>
			<string>Frameworks</string>
			<key>sourceTree</key>
			<string>&lt;group&gt;</string>
		</dict>
		<key>1A1EFD4718BEEAF3007A1634</key>
		<dict>
			<key>isa</key>
			<string>PBXFileReference</string>
			<key>lastKnownFileType</key>
			<string>wrapper.framework</string>
			<key>name</key>
			<string>Foundation.framework</string>
			<key>path</key>
			<string>System/Library/Frameworks/Foundation.framework</string>
			<key>sourceTree</key>
			<string>SDKROOT</string>
		</dict>
		<key>1A1EFD4818BEEAF3007A1634</key>
		<dict>
			<key>fileRef</key>
			<string>1A1EFD4718BEEAF3007A1634</string>
			<key>isa</key>
			<string>PBXBuildFile</string>
		</dict>
		<key>1A1EFD4918BEEAF3007A1634</key>
		<dict>
			<key>isa</key>
			<string>PBXFileReference</string>
			<key>lastKnownFileType</key>
			<string>wrapper.framework</string>
			<key>name</key>
			<string>CoreGraphics.framework</string>
			<key>path</key>
			<string>System/Library/Frameworks/CoreGraphics.framework</string>
			<key>sourceTree</key>
			<string>SDKROOT</string>
		</dict>
		<key>1A1EFD4A18BEEAF3007A1634</key>
		<dict>
			<key>fileRef</key>
			<string>1A1EFD4918BEEAF3007A1634</string>
			<key>isa</key>
			<string>PBXBuildFile</string>
		</dict>
		<key>1A1EFD4B18BEEAF3007A1634</key>
		<dict>
			<key>isa</key>
			<string>PBXFileReference</string>
			<key>lastKnownFileType</key>
			<string>wrapper.framework</string>
			<key>name</key>
			<string>UIKit.framework</string>
			<key>path</key>
			<string>System/Library/Frameworks/UIKit.framework</string>
			<key>sourceTree</key>
			<string>SDKROOT</string>
		</dict>
		<key>1A1EFD4C18BEEAF3007A1634</key>
		<dict>
			<key>fileRef</key>
			<string>1A1EFD4B18BEEAF3007A1634</string>
			<key>isa</key>
			<string>PBXBuildFile</string>
		</dict>
		<key>1A1EFD4D18BEEAF3007A1634</key>
		<dict>
			<key>children</key>
			<array>
				<string>1A1EFD5618BEEAF3007A1634</string>
				<string>1A1EFD5718BEEAF3007A1634</string>
				<string>1A1EFD5918BEEAF3007A1634</string>
				<string>1A1EFD4E18BEEAF3007A1634</string>
			</array>
			<key>isa</key>
			<string>PBXGroup</string>
			<key>path</key>
			<string>ZORNKit</string>
			<key>sourceTree</key>
			<string>&lt;group&gt;</string>
		</dict>
		<key>1A1EFD4E18BEEAF3007A1634</key>
		<dict>
			<key>children</key>
			<array>
				<string>1A1EFD4F18BEEAF3007A1634</string>
				<string>1A1EFD5018BEEAF3007A1634</string>
				<string>1A1EFD5318BEEAF3007A1634</string>
				<string>1A1EFD5518BEEAF3007A1634</string>
			</array>
			<key>isa</key>
			<string>PBXGroup</string>
			<key>name</key>
			<string>Supporting Files</string>
			<key>sourceTree</key>
			<string>&lt;group&gt;</string>
		</dict>
		<key>1A1EFD4F18BEEAF3007A1634</key>
		<dict>
			<key>isa</key>
			<string>PBXFileReference</string>
			<key>lastKnownFileType</key>
			<string>text.plist.xml</string>
			<key>path</key>
			<string>ZORNKit-Info.plist</string>
			<key>sourceTree</key>
			<string>&lt;group&gt;</string>
		</dict>
		<key>1A1EFD5018BEEAF3007A1634</key>
		<dict>
			<key>children</key>
			<array>
				<string>1A1EFD5118BEEAF3007A1634</string>
			</array>
			<key>isa</key>
			<string>PBXVariantGroup</string>
			<key>name</key>
			<string>InfoPlist.strings</string>
			<key>sourceTree</key>
			<string>&lt;group&gt;</string>
		</dict>
		<key>1A1EFD5118BEEAF3007A1634</key>
		<dict>
			<key>isa</key>
			<string>PBXFileReference</string>
			<key>lastKnownFileType</key>
			<string>text.plist.strings</string>
			<key>name</key>
			<string>en</string>
			<key>path</key>
			<string>en.lproj/InfoPlist.strings</string>
			<key>sourceTree</key>
			<string>&lt;group&gt;</string>
		</dict>
		<key>1A1EFD5218BEEAF3007A1634</key>
		<dict>
			<key>fileRef</key>
			<string>1A1EFD5018BEEAF3007A1634</string>
			<key>isa</key>
			<string>PBXBuildFile</string>
		</dict>
		<key>1A1EFD5318BEEAF3007A1634</key>
		<dict>
			<key>isa</key>
			<string>PBXFileReference</string>
			<key>lastKnownFileType</key>
			<string>sourcecode.c.objc</string>
			<key>path</key>
			<string>main.m</string>
			<key>sourceTree</key>
			<string>&lt;group&gt;</string>
		</dict>
		<key>1A1EFD5418BEEAF3007A1634</key>
		<dict>
			<key>fileRef</key>
			<string>1A1EFD5318BEEAF3007A1634</string>
			<key>isa</key>
			<string>PBXBuildFile</string>
		</dict>
		<key>1A1EFD5518BEEAF3007A1634</key>
		<dict>
			<key>isa</key>
			<string>PBXFileReference</string>
			<key>lastKnownFileType</key>
			<string>sourcecode.c.h</string>
			<key>path</key>
			<string>ZORNKit-Prefix.pch</string>
			<key>sourceTree</key>
			<string>&lt;group&gt;</string>
		</dict>
		<key>1A1EFD5618BEEAF3007A1634</key>
		<dict>
			<key>isa</key>
			<string>PBXFileReference</string>
			<key>lastKnownFileType</key>
			<string>sourcecode.c.h</string>
			<key>path</key>
			<string>AppDelegate.h</string>
			<key>sourceTree</key>
			<string>&lt;group&gt;</string>
		</dict>
		<key>1A1EFD5718BEEAF3007A1634</key>
		<dict>
			<key>isa</key>
			<string>PBXFileReference</string>
			<key>lastKnownFileType</key>
			<string>sourcecode.c.objc</string>
			<key>path</key>
			<string>AppDelegate.m</string>
			<key>sourceTree</key>
			<string>&lt;group&gt;</string>
		</dict>
		<key>1A1EFD5818BEEAF3007A1634</key>
		<dict>
			<key>fileRef</key>
			<string>1A1EFD5718BEEAF3007A1634</string>
			<key>isa</key>
			<string>PBXBuildFile</string>
		</dict>
		<key>1A1EFD5918BEEAF3007A1634</key>
		<dict>
			<key>isa</key>
			<string>PBXFileReference</string>
			<key>lastKnownFileType</key>
			<string>folder.assetcatalog</string>
			<key>path</key>
			<string>Images.xcassets</string>
			<key>sourceTree</key>
			<string>&lt;group&gt;</string>
		</dict>
		<key>1A1EFD5A18BEEAF3007A1634</key>
		<dict>
			<key>fileRef</key>
			<string>1A1EFD5918BEEAF3007A1634</string>
			<key>isa</key>
			<string>PBXBuildFile</string>
		</dict>
		<key>1A1EFD5B18BEEAF3007A1634</key>
		<dict>
			<key>buildActionMask</key>
			<string>2147483647</string>
			<key>files</key>
			<array>
				<string>1A1EFD6D18BEEAF3007A1634</string>
			</array>
			<key>isa</key>
			<string>PBXSourcesBuildPhase</string>
			<key>runOnlyForDeploymentPostprocessing</key>
			<string>0</string>
		</dict>
		<key>1A1EFD5C18BEEAF3007A1634</key>
		<dict>
			<key>buildActionMask</key>
			<string>2147483647</string>
			<key>files</key>
			<array>
				<string>1A1EFD6118BEEAF3007A1634</string>
				<string>1A1EFD6318BEEAF3007A1634</string>
				<string>1A1EFD6218BEEAF3007A1634</string>
				<string>B0084296FD334515A077403E</string>
			</array>
			<key>isa</key>
			<string>PBXFrameworksBuildPhase</string>
			<key>runOnlyForDeploymentPostprocessing</key>
			<string>0</string>
		</dict>
		<key>1A1EFD5D18BEEAF3007A1634</key>
		<dict>
			<key>buildActionMask</key>
			<string>2147483647</string>
			<key>files</key>
			<array>
				<string>1A1EFD6B18BEEAF3007A1634</string>
			</array>
			<key>isa</key>
			<string>PBXResourcesBuildPhase</string>
			<key>runOnlyForDeploymentPostprocessing</key>
			<string>0</string>
		</dict>
		<key>1A1EFD5E18BEEAF3007A1634</key>
		<dict>
			<key>buildConfigurationList</key>
			<string>1A1EFD7318BEEAF3007A1634</string>
			<key>buildPhases</key>
			<array>
				<string>5FADF7292D0F4EB6A681EAF2</string>
				<string>1A1EFD5B18BEEAF3007A1634</string>
				<string>1A1EFD5C18BEEAF3007A1634</string>
				<string>1A1EFD5D18BEEAF3007A1634</string>
				<string>7B99EB898F39480ABE189573</string>
			</array>
			<key>buildRules</key>
			<array/>
			<key>dependencies</key>
			<array>
				<string>1A1EFD6518BEEAF3007A1634</string>
			</array>
			<key>isa</key>
			<string>PBXNativeTarget</string>
			<key>name</key>
			<string>ZORNKitTests</string>
			<key>productName</key>
			<string>ZORNKitTests</string>
			<key>productReference</key>
			<string>1A1EFD5F18BEEAF3007A1634</string>
			<key>productType</key>
			<string>com.apple.product-type.bundle.unit-test</string>
		</dict>
		<key>1A1EFD5F18BEEAF3007A1634</key>
		<dict>
			<key>explicitFileType</key>
			<string>wrapper.cfbundle</string>
			<key>includeInIndex</key>
			<string>0</string>
			<key>isa</key>
			<string>PBXFileReference</string>
			<key>path</key>
			<string>ZORNKitTests.xctest</string>
			<key>sourceTree</key>
			<string>BUILT_PRODUCTS_DIR</string>
		</dict>
		<key>1A1EFD6018BEEAF3007A1634</key>
		<dict>
			<key>isa</key>
			<string>PBXFileReference</string>
			<key>lastKnownFileType</key>
			<string>wrapper.framework</string>
			<key>name</key>
			<string>XCTest.framework</string>
			<key>path</key>
			<string>Library/Frameworks/XCTest.framework</string>
			<key>sourceTree</key>
			<string>DEVELOPER_DIR</string>
		</dict>
		<key>1A1EFD6118BEEAF3007A1634</key>
		<dict>
			<key>fileRef</key>
			<string>1A1EFD6018BEEAF3007A1634</string>
			<key>isa</key>
			<string>PBXBuildFile</string>
		</dict>
		<key>1A1EFD6218BEEAF3007A1634</key>
		<dict>
			<key>fileRef</key>
			<string>1A1EFD4718BEEAF3007A1634</string>
			<key>isa</key>
			<string>PBXBuildFile</string>
		</dict>
		<key>1A1EFD6318BEEAF3007A1634</key>
		<dict>
			<key>fileRef</key>
			<string>1A1EFD4B18BEEAF3007A1634</string>
			<key>isa</key>
			<string>PBXBuildFile</string>
		</dict>
		<key>1A1EFD6418BEEAF3007A1634</key>
		<dict>
			<key>containerPortal</key>
			<string>1A1EFD3C18BEEAF3007A1634</string>
			<key>isa</key>
			<string>PBXContainerItemProxy</string>
			<key>proxyType</key>
			<string>1</string>
			<key>remoteGlobalIDString</key>
			<string>1A1EFD4318BEEAF3007A1634</string>
			<key>remoteInfo</key>
			<string>ZORNKit</string>
		</dict>
		<key>1A1EFD6518BEEAF3007A1634</key>
		<dict>
			<key>isa</key>
			<string>PBXTargetDependency</string>
			<key>target</key>
			<string>1A1EFD4318BEEAF3007A1634</string>
			<key>targetProxy</key>
			<string>1A1EFD6418BEEAF3007A1634</string>
		</dict>
		<key>1A1EFD6618BEEAF3007A1634</key>
		<dict>
			<key>children</key>
			<array>
				<string>1A1EFD6C18BEEAF3007A1634</string>
				<string>1A1EFD6718BEEAF3007A1634</string>
			</array>
			<key>isa</key>
			<string>PBXGroup</string>
			<key>path</key>
			<string>ZORNKitTests</string>
			<key>sourceTree</key>
			<string>&lt;group&gt;</string>
		</dict>
		<key>1A1EFD6718BEEAF3007A1634</key>
		<dict>
			<key>children</key>
			<array>
				<string>1A1EFD6818BEEAF3007A1634</string>
				<string>1A1EFD6918BEEAF3007A1634</string>
			</array>
			<key>isa</key>
			<string>PBXGroup</string>
			<key>name</key>
			<string>Supporting Files</string>
			<key>sourceTree</key>
			<string>&lt;group&gt;</string>
		</dict>
		<key>1A1EFD6818BEEAF3007A1634</key>
		<dict>
			<key>isa</key>
			<string>PBXFileReference</string>
			<key>lastKnownFileType</key>
			<string>text.plist.xml</string>
			<key>path</key>
			<string>ZORNKitTests-Info.plist</string>
			<key>sourceTree</key>
			<string>&lt;group&gt;</string>
		</dict>
		<key>1A1EFD6918BEEAF3007A1634</key>
		<dict>
			<key>children</key>
			<array>
				<string>1A1EFD6A18BEEAF3007A1634</string>
			</array>
			<key>isa</key>
			<string>PBXVariantGroup</string>
			<key>name</key>
			<string>InfoPlist.strings</string>
			<key>sourceTree</key>
			<string>&lt;group&gt;</string>
		</dict>
		<key>1A1EFD6A18BEEAF3007A1634</key>
		<dict>
			<key>isa</key>
			<string>PBXFileReference</string>
			<key>lastKnownFileType</key>
			<string>text.plist.strings</string>
			<key>name</key>
			<string>en</string>
			<key>path</key>
			<string>en.lproj/InfoPlist.strings</string>
			<key>sourceTree</key>
			<string>&lt;group&gt;</string>
		</dict>
		<key>1A1EFD6B18BEEAF3007A1634</key>
		<dict>
			<key>fileRef</key>
			<string>1A1EFD6918BEEAF3007A1634</string>
			<key>isa</key>
			<string>PBXBuildFile</string>
		</dict>
		<key>1A1EFD6C18BEEAF3007A1634</key>
		<dict>
			<key>isa</key>
			<string>PBXFileReference</string>
			<key>lastKnownFileType</key>
			<string>sourcecode.c.objc</string>
			<key>path</key>
			<string>ZORNKitTests.m</string>
			<key>sourceTree</key>
			<string>&lt;group&gt;</string>
		</dict>
		<key>1A1EFD6D18BEEAF3007A1634</key>
		<dict>
			<key>fileRef</key>
			<string>1A1EFD6C18BEEAF3007A1634</string>
			<key>isa</key>
			<string>PBXBuildFile</string>
		</dict>
		<key>1A1EFD6E18BEEAF3007A1634</key>
		<dict>
			<key>buildSettings</key>
			<dict>
				<key>ALWAYS_SEARCH_USER_PATHS</key>
				<string>NO</string>
				<key>ARCHS</key>
				<string>$(ARCHS_STANDARD_INCLUDING_64_BIT)</string>
				<key>CLANG_CXX_LANGUAGE_STANDARD</key>
				<string>gnu++0x</string>
				<key>CLANG_CXX_LIBRARY</key>
				<string>libc++</string>
				<key>CLANG_ENABLE_MODULES</key>
				<string>YES</string>
				<key>CLANG_ENABLE_OBJC_ARC</key>
				<string>YES</string>
				<key>CLANG_WARN_BOOL_CONVERSION</key>
				<string>YES</string>
				<key>CLANG_WARN_CONSTANT_CONVERSION</key>
				<string>YES</string>
				<key>CLANG_WARN_DIRECT_OBJC_ISA_USAGE</key>
				<string>YES_ERROR</string>
				<key>CLANG_WARN_EMPTY_BODY</key>
				<string>YES</string>
				<key>CLANG_WARN_ENUM_CONVERSION</key>
				<string>YES</string>
				<key>CLANG_WARN_INT_CONVERSION</key>
				<string>YES</string>
				<key>CLANG_WARN_OBJC_ROOT_CLASS</key>
				<string>YES_ERROR</string>
				<key>CLANG_WARN__DUPLICATE_METHOD_MATCH</key>
				<string>YES</string>
				<key>CODE_SIGN_IDENTITY[sdk=iphoneos*]</key>
				<string>iPhone Developer</string>
				<key>COPY_PHASE_STRIP</key>
				<string>NO</string>
				<key>GCC_C_LANGUAGE_STANDARD</key>
				<string>gnu99</string>
				<key>GCC_DYNAMIC_NO_PIC</key>
				<string>NO</string>
				<key>GCC_OPTIMIZATION_LEVEL</key>
				<string>0</string>
				<key>GCC_PREPROCESSOR_DEFINITIONS</key>
				<array>
					<string>DEBUG=1</string>
					<string>$(inherited)</string>
				</array>
				<key>GCC_SYMBOLS_PRIVATE_EXTERN</key>
				<string>NO</string>
				<key>GCC_WARN_64_TO_32_BIT_CONVERSION</key>
				<string>YES</string>
				<key>GCC_WARN_ABOUT_RETURN_TYPE</key>
				<string>YES_ERROR</string>
				<key>GCC_WARN_UNDECLARED_SELECTOR</key>
				<string>YES</string>
				<key>GCC_WARN_UNINITIALIZED_AUTOS</key>
				<string>YES</string>
				<key>GCC_WARN_UNUSED_FUNCTION</key>
				<string>YES</string>
				<key>GCC_WARN_UNUSED_VARIABLE</key>
				<string>YES</string>
				<key>IPHONEOS_DEPLOYMENT_TARGET</key>
				<string>7.0</string>
				<key>ONLY_ACTIVE_ARCH</key>
				<string>YES</string>
				<key>SDKROOT</key>
				<string>iphoneos</string>
				<key>TARGETED_DEVICE_FAMILY</key>
				<string>1,2</string>
			</dict>
			<key>isa</key>
			<string>XCBuildConfiguration</string>
			<key>name</key>
			<string>Debug</string>
		</dict>
		<key>1A1EFD6F18BEEAF3007A1634</key>
		<dict>
			<key>buildSettings</key>
			<dict>
				<key>ALWAYS_SEARCH_USER_PATHS</key>
				<string>NO</string>
				<key>ARCHS</key>
				<string>$(ARCHS_STANDARD_INCLUDING_64_BIT)</string>
				<key>CLANG_CXX_LANGUAGE_STANDARD</key>
				<string>gnu++0x</string>
				<key>CLANG_CXX_LIBRARY</key>
				<string>libc++</string>
				<key>CLANG_ENABLE_MODULES</key>
				<string>YES</string>
				<key>CLANG_ENABLE_OBJC_ARC</key>
				<string>YES</string>
				<key>CLANG_WARN_BOOL_CONVERSION</key>
				<string>YES</string>
				<key>CLANG_WARN_CONSTANT_CONVERSION</key>
				<string>YES</string>
				<key>CLANG_WARN_DIRECT_OBJC_ISA_USAGE</key>
				<string>YES_ERROR</string>
				<key>CLANG_WARN_EMPTY_BODY</key>
				<string>YES</string>
				<key>CLANG_WARN_ENUM_CONVERSION</key>
				<string>YES</string>
				<key>CLANG_WARN_INT_CONVERSION</key>
				<string>YES</string>
				<key>CLANG_WARN_OBJC_ROOT_CLASS</key>
				<string>YES_ERROR</string>
				<key>CLANG_WARN__DUPLICATE_METHOD_MATCH</key>
				<string>YES</string>
				<key>CODE_SIGN_IDENTITY[sdk=iphoneos*]</key>
				<string>iPhone Developer</string>
				<key>COPY_PHASE_STRIP</key>
				<string>YES</string>
				<key>ENABLE_NS_ASSERTIONS</key>
				<string>NO</string>
				<key>GCC_C_LANGUAGE_STANDARD</key>
				<string>gnu99</string>
				<key>GCC_WARN_64_TO_32_BIT_CONVERSION</key>
				<string>YES</string>
				<key>GCC_WARN_ABOUT_RETURN_TYPE</key>
				<string>YES_ERROR</string>
				<key>GCC_WARN_UNDECLARED_SELECTOR</key>
				<string>YES</string>
				<key>GCC_WARN_UNINITIALIZED_AUTOS</key>
				<string>YES</string>
				<key>GCC_WARN_UNUSED_FUNCTION</key>
				<string>YES</string>
				<key>GCC_WARN_UNUSED_VARIABLE</key>
				<string>YES</string>
				<key>IPHONEOS_DEPLOYMENT_TARGET</key>
				<string>7.0</string>
				<key>SDKROOT</key>
				<string>iphoneos</string>
				<key>TARGETED_DEVICE_FAMILY</key>
				<string>1,2</string>
				<key>VALIDATE_PRODUCT</key>
				<string>YES</string>
			</dict>
			<key>isa</key>
			<string>XCBuildConfiguration</string>
			<key>name</key>
			<string>Release</string>
		</dict>
		<key>1A1EFD7018BEEAF3007A1634</key>
		<dict>
			<key>buildConfigurations</key>
			<array>
				<string>1A1EFD7118BEEAF3007A1634</string>
				<string>1A1EFD7218BEEAF3007A1634</string>
			</array>
			<key>defaultConfigurationIsVisible</key>
			<string>0</string>
			<key>isa</key>
			<string>XCConfigurationList</string>
		</dict>
		<key>1A1EFD7118BEEAF3007A1634</key>
		<dict>
			<key>baseConfigurationReference</key>
			<string>B38D02A682B44D47B6C58583</string>
			<key>buildSettings</key>
			<dict>
				<key>ASSETCATALOG_COMPILER_APPICON_NAME</key>
				<string>AppIcon</string>
				<key>ASSETCATALOG_COMPILER_LAUNCHIMAGE_NAME</key>
				<string>LaunchImage</string>
				<key>GCC_PRECOMPILE_PREFIX_HEADER</key>
				<string>YES</string>
				<key>GCC_PREFIX_HEADER</key>
				<string>ZORNKit/ZORNKit-Prefix.pch</string>
				<key>INFOPLIST_FILE</key>
				<string>ZORNKit/ZORNKit-Info.plist</string>
				<key>PRODUCT_NAME</key>
				<string>$(TARGET_NAME)</string>
				<key>WRAPPER_EXTENSION</key>
				<string>app</string>
			</dict>
			<key>isa</key>
			<string>XCBuildConfiguration</string>
			<key>name</key>
			<string>Debug</string>
		</dict>
		<key>1A1EFD7218BEEAF3007A1634</key>
		<dict>
			<key>baseConfigurationReference</key>
			<string>B38D02A682B44D47B6C58583</string>
			<key>buildSettings</key>
			<dict>
				<key>ASSETCATALOG_COMPILER_APPICON_NAME</key>
				<string>AppIcon</string>
				<key>ASSETCATALOG_COMPILER_LAUNCHIMAGE_NAME</key>
				<string>LaunchImage</string>
				<key>GCC_PRECOMPILE_PREFIX_HEADER</key>
				<string>YES</string>
				<key>GCC_PREFIX_HEADER</key>
				<string>ZORNKit/ZORNKit-Prefix.pch</string>
				<key>INFOPLIST_FILE</key>
				<string>ZORNKit/ZORNKit-Info.plist</string>
				<key>PRODUCT_NAME</key>
				<string>$(TARGET_NAME)</string>
				<key>WRAPPER_EXTENSION</key>
				<string>app</string>
			</dict>
			<key>isa</key>
			<string>XCBuildConfiguration</string>
			<key>name</key>
			<string>Release</string>
		</dict>
		<key>1A1EFD7318BEEAF3007A1634</key>
		<dict>
			<key>buildConfigurations</key>
			<array>
				<string>1A1EFD7418BEEAF3007A1634</string>
				<string>1A1EFD7518BEEAF3007A1634</string>
			</array>
			<key>defaultConfigurationIsVisible</key>
			<string>0</string>
			<key>isa</key>
			<string>XCConfigurationList</string>
		</dict>
		<key>1A1EFD7418BEEAF3007A1634</key>
		<dict>
			<key>baseConfigurationReference</key>
			<string>0771ED7A667748BAB2986CCB</string>
			<key>buildSettings</key>
			<dict>
				<key>ARCHS</key>
				<string>$(ARCHS_STANDARD_INCLUDING_64_BIT)</string>
				<key>BUNDLE_LOADER</key>
				<string>$(BUILT_PRODUCTS_DIR)/ZORNKit.app/ZORNKit</string>
				<key>FRAMEWORK_SEARCH_PATHS</key>
				<array>
					<string>$(SDKROOT)/Developer/Library/Frameworks</string>
					<string>$(inherited)</string>
					<string>$(DEVELOPER_FRAMEWORKS_DIR)</string>
				</array>
				<key>GCC_PRECOMPILE_PREFIX_HEADER</key>
				<string>YES</string>
				<key>GCC_PREFIX_HEADER</key>
				<string>ZORNKit/ZORNKit-Prefix.pch</string>
				<key>GCC_PREPROCESSOR_DEFINITIONS</key>
				<array>
					<string>DEBUG=1</string>
					<string>$(inherited)</string>
				</array>
				<key>INFOPLIST_FILE</key>
				<string>ZORNKitTests/ZORNKitTests-Info.plist</string>
				<key>PRODUCT_NAME</key>
				<string>$(TARGET_NAME)</string>
				<key>TEST_HOST</key>
				<string>$(BUNDLE_LOADER)</string>
				<key>WRAPPER_EXTENSION</key>
				<string>xctest</string>
			</dict>
			<key>isa</key>
			<string>XCBuildConfiguration</string>
			<key>name</key>
			<string>Debug</string>
		</dict>
		<key>1A1EFD7518BEEAF3007A1634</key>
		<dict>
			<key>baseConfigurationReference</key>
			<string>0771ED7A667748BAB2986CCB</string>
			<key>buildSettings</key>
			<dict>
				<key>ARCHS</key>
				<string>$(ARCHS_STANDARD_INCLUDING_64_BIT)</string>
				<key>BUNDLE_LOADER</key>
				<string>$(BUILT_PRODUCTS_DIR)/ZORNKit.app/ZORNKit</string>
				<key>FRAMEWORK_SEARCH_PATHS</key>
				<array>
					<string>$(SDKROOT)/Developer/Library/Frameworks</string>
					<string>$(inherited)</string>
					<string>$(DEVELOPER_FRAMEWORKS_DIR)</string>
				</array>
				<key>GCC_PRECOMPILE_PREFIX_HEADER</key>
				<string>YES</string>
				<key>GCC_PREFIX_HEADER</key>
				<string>ZORNKit/ZORNKit-Prefix.pch</string>
				<key>INFOPLIST_FILE</key>
				<string>ZORNKitTests/ZORNKitTests-Info.plist</string>
				<key>PRODUCT_NAME</key>
				<string>$(TARGET_NAME)</string>
				<key>TEST_HOST</key>
				<string>$(BUNDLE_LOADER)</string>
				<key>WRAPPER_EXTENSION</key>
				<string>xctest</string>
			</dict>
			<key>isa</key>
			<string>XCBuildConfiguration</string>
			<key>name</key>
			<string>Release</string>
		</dict>
		<key>26DB2E735FFF4DA3A8CC693B</key>
		<dict>
			<key>buildActionMask</key>
			<string>2147483647</string>
			<key>files</key>
			<array/>
			<key>inputPaths</key>
			<array/>
			<key>isa</key>
			<string>PBXShellScriptBuildPhase</string>
			<key>name</key>
			<string>Check Pods Manifest.lock</string>
			<key>outputPaths</key>
			<array/>
			<key>runOnlyForDeploymentPostprocessing</key>
			<string>0</string>
			<key>shellPath</key>
			<string>/bin/sh</string>
			<key>shellScript</key>
			<string>diff "${PODS_ROOT}/../Podfile.lock" "${PODS_ROOT}/Manifest.lock" &gt; /dev/null
if [[ $? != 0 ]] ; then
    cat &lt;&lt; EOM
error: The sandbox is not in sync with the Podfile.lock. Run 'pod install' or update your CocoaPods installation.
EOM
    exit 1
fi
</string>
			<key>showEnvVarsInLog</key>
			<string>0</string>
		</dict>
		<key>5FADF7292D0F4EB6A681EAF2</key>
		<dict>
			<key>buildActionMask</key>
			<string>2147483647</string>
			<key>files</key>
			<array/>
			<key>inputPaths</key>
			<array/>
			<key>isa</key>
			<string>PBXShellScriptBuildPhase</string>
			<key>name</key>
			<string>Check Pods Manifest.lock</string>
			<key>outputPaths</key>
			<array/>
			<key>runOnlyForDeploymentPostprocessing</key>
			<string>0</string>
			<key>shellPath</key>
			<string>/bin/sh</string>
			<key>shellScript</key>
			<string>diff "${PODS_ROOT}/../Podfile.lock" "${PODS_ROOT}/Manifest.lock" &gt; /dev/null
if [[ $? != 0 ]] ; then
    cat &lt;&lt; EOM
error: The sandbox is not in sync with the Podfile.lock. Run 'pod install' or update your CocoaPods installation.
EOM
    exit 1
fi
</string>
			<key>showEnvVarsInLog</key>
			<string>0</string>
		</dict>
		<key>7B99EB898F39480ABE189573</key>
		<dict>
			<key>buildActionMask</key>
			<string>2147483647</string>
			<key>files</key>
			<array/>
			<key>inputPaths</key>
			<array/>
			<key>isa</key>
			<string>PBXShellScriptBuildPhase</string>
			<key>name</key>
			<string>Copy Pods Resources</string>
			<key>outputPaths</key>
			<array/>
			<key>runOnlyForDeploymentPostprocessing</key>
			<string>0</string>
			<key>shellPath</key>
			<string>/bin/sh</string>
			<key>shellScript</key>
			<string>"${SRCROOT}/Pods/Pods-ZORNKitTests-resources.sh"
</string>
			<key>showEnvVarsInLog</key>
			<string>0</string>
		</dict>
		<key>8260ACD7EB314F3A8DF24143</key>
		<dict>
			<key>fileRef</key>
			<string>E1C554C603C84C4A8C328DEB</string>
			<key>isa</key>
			<string>PBXBuildFile</string>
		</dict>
		<key>95D7A13C13CB41B8ADD77731</key>
		<dict>
			<key>buildActionMask</key>
			<string>2147483647</string>
			<key>files</key>
			<array/>
			<key>inputPaths</key>
			<array/>
			<key>isa</key>
			<string>PBXShellScriptBuildPhase</string>
			<key>name</key>
			<string>Copy Pods Resources</string>
			<key>outputPaths</key>
			<array/>
			<key>runOnlyForDeploymentPostprocessing</key>
			<string>0</string>
			<key>shellPath</key>
			<string>/bin/sh</string>
			<key>shellScript</key>
			<string>"${SRCROOT}/Pods/Pods-resources.sh"
</string>
			<key>showEnvVarsInLog</key>
			<string>0</string>
		</dict>
		<key>B0084296FD334515A077403E</key>
		<dict>
			<key>fileRef</key>
			<string>E1D78FE0FFE64E27B7597F86</string>
			<key>isa</key>
			<string>PBXBuildFile</string>
		</dict>
		<key>B38D02A682B44D47B6C58583</key>
		<dict>
			<key>includeInIndex</key>
			<string>1</string>
			<key>isa</key>
			<string>PBXFileReference</string>
			<key>lastKnownFileType</key>
			<string>text.xcconfig</string>
			<key>name</key>
			<string>Pods.xcconfig</string>
			<key>path</key>
			<string>Pods/Pods.xcconfig</string>
			<key>sourceTree</key>
			<string>&lt;group&gt;</string>
		</dict>
		<key>E1C554C603C84C4A8C328DEB</key>
		<dict>
			<key>explicitFileType</key>
			<string>archive.ar</string>
			<key>includeInIndex</key>
			<string>0</string>
			<key>isa</key>
			<string>PBXFileReference</string>
			<key>path</key>
			<string>libPods.a</string>
			<key>sourceTree</key>
			<string>BUILT_PRODUCTS_DIR</string>
		</dict>
		<key>E1D78FE0FFE64E27B7597F86</key>
		<dict>
			<key>explicitFileType</key>
			<string>archive.ar</string>
			<key>includeInIndex</key>
			<string>0</string>
			<key>isa</key>
			<string>PBXFileReference</string>
			<key>path</key>
			<string>libPods-ZORNKitTests.a</string>
			<key>sourceTree</key>
			<string>BUILT_PRODUCTS_DIR</string>
		</dict>
	</dict>
	<key>rootObject</key>
	<string>1A1EFD3C18BEEAF3007A1634</string>
</dict>
</plist>
